
Microsoft Visual Studio Solution File, Format Version 12.00
# Visual Studio Version 17
VisualStudioVersion = 17.3.32929.385
MinimumVisualStudioVersion = 10.0.40219.1
Project("{FAE04EC0-301F-11D3-BF4B-00C04F79EFBC}") = "Module13-1", "Module13-1.csproj", "{7E6D70B8-82C9-49FF-9E7F-161C26DA33EA}"
EndProject
Global
	GlobalSection(SolutionConfigurationPlatforms) = preSolution
		Debug|Any CPU = Debug|Any CPU
		Release|Any CPU = Release|Any CPU
	EndGlobalSection
	GlobalSection(ProjectConfigurationPlatforms) = postSolution
		{7E6D70B8-82C9-49FF-9E7F-161C26DA33EA}.Debug|Any CPU.ActiveCfg = Debug|Any CPU
		{7E6D70B8-82C9-49FF-9E7F-161C26DA33EA}.Debug|Any CPU.Build.0 = Debug|Any CPU
		{7E6D70B8-82C9-49FF-9E7F-161C26DA33EA}.Release|Any CPU.ActiveCfg = Release|Any CPU
		{7E6D70B8-82C9-49FF-9E7F-161C26DA33EA}.Release|Any CPU.Build.0 = Release|Any CPU
	EndGlobalSection
	GlobalSection(SolutionProperties) = preSolution
		HideSolutionNode = FALSE
	EndGlobalSection
	GlobalSection(ExtensibilityGlobals) = postSolution
		SolutionGuid = {CEE735CE-4D9E-49F1-9A2A-195BD9F4B625}
	EndGlobalSection
EndGlobal
